// !$*UTF8*$!
{
	archiveVersion = 1;
	classes = {
	};
	objectVersion = 56;
	objects = {

/* Begin PBXBuildFile section */
		88063A472C0F55EE00514D05 /* UIFont+Extension.swift in Sources */ = {isa = PBXBuildFile; fileRef = 88063A462C0F55EE00514D05 /* UIFont+Extension.swift */; };
		8815C3352C1047B000CEE18B /* Lotto.swift in Sources */ = {isa = PBXBuildFile; fileRef = 8815C3342C1047B000CEE18B /* Lotto.swift */; };
		8815C3372C104C1700CEE18B /* .gitignore in Resources */ = {isa = PBXBuildFile; fileRef = 8815C3362C104C1700CEE18B /* .gitignore */; };
		8815C3392C104E6A00CEE18B /* APIKey.swift in Sources */ = {isa = PBXBuildFile; fileRef = 8815C3382C104E6A00CEE18B /* APIKey.swift */; };
		8815C33B2C10795400CEE18B /* BoxOfficeViewController.swift in Sources */ = {isa = PBXBuildFile; fileRef = 8815C33A2C10795400CEE18B /* BoxOfficeViewController.swift */; };
		8815C33D2C1086B100CEE18B /* BoxOfficeTableViewCell.swift in Sources */ = {isa = PBXBuildFile; fileRef = 8815C33C2C1086B100CEE18B /* BoxOfficeTableViewCell.swift */; };
		8815C33F2C1086F500CEE18B /* ReusableProtocol.swift in Sources */ = {isa = PBXBuildFile; fileRef = 8815C33E2C1086F500CEE18B /* ReusableProtocol.swift */; };
		885885642C108DAA002CDDD3 /* BoxOffice.swift in Sources */ = {isa = PBXBuildFile; fileRef = 885885632C108DAA002CDDD3 /* BoxOffice.swift */; };
		88636DDA2C119C6D00B799EE /* Kingfisher in Frameworks */ = {isa = PBXBuildFile; productRef = 88636DD92C119C6D00B799EE /* Kingfisher */; };
		88636DDD2C119F5900B799EE /* UIColor+Extension.swift in Sources */ = {isa = PBXBuildFile; fileRef = 88636DDC2C119F5900B799EE /* UIColor+Extension.swift */; };
		889111592C0F51E700010780 /* LottoViewController.swift in Sources */ = {isa = PBXBuildFile; fileRef = 889111582C0F51E700010780 /* LottoViewController.swift */; };
		8891115C2C0F520B00010780 /* Alamofire in Frameworks */ = {isa = PBXBuildFile; productRef = 8891115B2C0F520B00010780 /* Alamofire */; };
		8899669E2C0EF55100A58D6F /* AppDelegate.swift in Sources */ = {isa = PBXBuildFile; fileRef = 8899669D2C0EF55100A58D6F /* AppDelegate.swift */; };
		889966A02C0EF55100A58D6F /* SceneDelegate.swift in Sources */ = {isa = PBXBuildFile; fileRef = 8899669F2C0EF55100A58D6F /* SceneDelegate.swift */; };
		889966A22C0EF55100A58D6F /* ViewController.swift in Sources */ = {isa = PBXBuildFile; fileRef = 889966A12C0EF55100A58D6F /* ViewController.swift */; };
		889966A52C0EF55100A58D6F /* Base in Resources */ = {isa = PBXBuildFile; fileRef = 889966A42C0EF55100A58D6F /* Base */; };
		889966A72C0EF55200A58D6F /* Assets.xcassets in Resources */ = {isa = PBXBuildFile; fileRef = 889966A62C0EF55200A58D6F /* Assets.xcassets */; };
		889966AA2C0EF55200A58D6F /* Base in Resources */ = {isa = PBXBuildFile; fileRef = 889966A92C0EF55200A58D6F /* Base */; };
		889966B22C0EF6CB00A58D6F /* SignUpViewController.swift in Sources */ = {isa = PBXBuildFile; fileRef = 889966B12C0EF6CB00A58D6F /* SignUpViewController.swift */; };
		889966B52C0EF77B00A58D6F /* SnapKit in Frameworks */ = {isa = PBXBuildFile; productRef = 889966B42C0EF77B00A58D6F /* SnapKit */; };
		889966B72C0EF98500A58D6F /* MediaViewController.swift in Sources */ = {isa = PBXBuildFile; fileRef = 889966B62C0EF98500A58D6F /* MediaViewController.swift */; };
		88D4C2D02C117D560087D2F8 /* WeatherViewController.swift in Sources */ = {isa = PBXBuildFile; fileRef = 88D4C2CF2C117D560087D2F8 /* WeatherViewController.swift */; };
		88D4C2D22C1185DE0087D2F8 /* Weather.swift in Sources */ = {isa = PBXBuildFile; fileRef = 88D4C2D12C1185DE0087D2F8 /* Weather.swift */; };
/* End PBXBuildFile section */

/* Begin PBXFileReference section */
		88063A462C0F55EE00514D05 /* UIFont+Extension.swift */ = {isa = PBXFileReference; lastKnownFileType = sourcecode.swift; path = "UIFont+Extension.swift"; sourceTree = "<group>"; };
		8815C3342C1047B000CEE18B /* Lotto.swift */ = {isa = PBXFileReference; lastKnownFileType = sourcecode.swift; path = Lotto.swift; sourceTree = "<group>"; };
		8815C3362C104C1700CEE18B /* .gitignore */ = {isa = PBXFileReference; lastKnownFileType = text; path = .gitignore; sourceTree = "<group>"; };
		8815C3382C104E6A00CEE18B /* APIKey.swift */ = {isa = PBXFileReference; lastKnownFileType = sourcecode.swift; path = APIKey.swift; sourceTree = "<group>"; };
		8815C33A2C10795400CEE18B /* BoxOfficeViewController.swift */ = {isa = PBXFileReference; lastKnownFileType = sourcecode.swift; path = BoxOfficeViewController.swift; sourceTree = "<group>"; };
		8815C33C2C1086B100CEE18B /* BoxOfficeTableViewCell.swift */ = {isa = PBXFileReference; lastKnownFileType = sourcecode.swift; path = BoxOfficeTableViewCell.swift; sourceTree = "<group>"; };
		8815C33E2C1086F500CEE18B /* ReusableProtocol.swift */ = {isa = PBXFileReference; lastKnownFileType = sourcecode.swift; path = ReusableProtocol.swift; sourceTree = "<group>"; };
		885885632C108DAA002CDDD3 /* BoxOffice.swift */ = {isa = PBXFileReference; lastKnownFileType = sourcecode.swift; path = BoxOffice.swift; sourceTree = "<group>"; };
		88636DDC2C119F5900B799EE /* UIColor+Extension.swift */ = {isa = PBXFileReference; lastKnownFileType = sourcecode.swift; path = "UIColor+Extension.swift"; sourceTree = "<group>"; };
		889111582C0F51E700010780 /* LottoViewController.swift */ = {isa = PBXFileReference; fileEncoding = 4; lastKnownFileType = sourcecode.swift; path = LottoViewController.swift; sourceTree = "<group>"; };
		8899669A2C0EF55100A58D6F /* Media.app */ = {isa = PBXFileReference; explicitFileType = wrapper.application; includeInIndex = 0; path = Media.app; sourceTree = BUILT_PRODUCTS_DIR; };
		8899669D2C0EF55100A58D6F /* AppDelegate.swift */ = {isa = PBXFileReference; lastKnownFileType = sourcecode.swift; path = AppDelegate.swift; sourceTree = "<group>"; };
		8899669F2C0EF55100A58D6F /* SceneDelegate.swift */ = {isa = PBXFileReference; lastKnownFileType = sourcecode.swift; path = SceneDelegate.swift; sourceTree = "<group>"; };
		889966A12C0EF55100A58D6F /* ViewController.swift */ = {isa = PBXFileReference; lastKnownFileType = sourcecode.swift; path = ViewController.swift; sourceTree = "<group>"; };
		889966A42C0EF55100A58D6F /* Base */ = {isa = PBXFileReference; lastKnownFileType = file.storyboard; name = Base; path = Base.lproj/Main.storyboard; sourceTree = "<group>"; };
		889966A62C0EF55200A58D6F /* Assets.xcassets */ = {isa = PBXFileReference; lastKnownFileType = folder.assetcatalog; path = Assets.xcassets; sourceTree = "<group>"; };
		889966A92C0EF55200A58D6F /* Base */ = {isa = PBXFileReference; lastKnownFileType = file.storyboard; name = Base; path = Base.lproj/LaunchScreen.storyboard; sourceTree = "<group>"; };
		889966AB2C0EF55200A58D6F /* Info.plist */ = {isa = PBXFileReference; lastKnownFileType = text.plist.xml; path = Info.plist; sourceTree = "<group>"; };
		889966B12C0EF6CB00A58D6F /* SignUpViewController.swift */ = {isa = PBXFileReference; lastKnownFileType = sourcecode.swift; path = SignUpViewController.swift; sourceTree = "<group>"; };
		889966B62C0EF98500A58D6F /* MediaViewController.swift */ = {isa = PBXFileReference; lastKnownFileType = sourcecode.swift; path = MediaViewController.swift; sourceTree = "<group>"; };
		88D4C2CF2C117D560087D2F8 /* WeatherViewController.swift */ = {isa = PBXFileReference; lastKnownFileType = sourcecode.swift; path = WeatherViewController.swift; sourceTree = "<group>"; };
		88D4C2D12C1185DE0087D2F8 /* Weather.swift */ = {isa = PBXFileReference; lastKnownFileType = sourcecode.swift; path = Weather.swift; sourceTree = "<group>"; };
/* End PBXFileReference section */

/* Begin PBXFrameworksBuildPhase section */
		889966972C0EF55100A58D6F /* Frameworks */ = {
			isa = PBXFrameworksBuildPhase;
			buildActionMask = 2147483647;
			files = (
				88636DDA2C119C6D00B799EE /* Kingfisher in Frameworks */,
				889966B52C0EF77B00A58D6F /* SnapKit in Frameworks */,
				8891115C2C0F520B00010780 /* Alamofire in Frameworks */,
			);
			runOnlyForDeploymentPostprocessing = 0;
		};
/* End PBXFrameworksBuildPhase section */

/* Begin PBXGroup section */
		88636DDB2C119F4C00B799EE /* Extension */ = {
			isa = PBXGroup;
			children = (
				88063A462C0F55EE00514D05 /* UIFont+Extension.swift */,
				88636DDC2C119F5900B799EE /* UIColor+Extension.swift */,
			);
			path = Extension;
			sourceTree = "<group>";
		};
		88636DDE2C11A0EA00B799EE /* Model */ = {
			isa = PBXGroup;
			children = (
				88D4C2D12C1185DE0087D2F8 /* Weather.swift */,
				885885632C108DAA002CDDD3 /* BoxOffice.swift */,
				8815C3342C1047B000CEE18B /* Lotto.swift */,
			);
			path = Model;
			sourceTree = "<group>";
		};
		88636DDF2C11A0FA00B799EE /* ViewController */ = {
			isa = PBXGroup;
			children = (
				889966A12C0EF55100A58D6F /* ViewController.swift */,
				889111582C0F51E700010780 /* LottoViewController.swift */,
				88D4C2CF2C117D560087D2F8 /* WeatherViewController.swift */,
				889966B62C0EF98500A58D6F /* MediaViewController.swift */,
				8815C33A2C10795400CEE18B /* BoxOfficeViewController.swift */,
				889966B12C0EF6CB00A58D6F /* SignUpViewController.swift */,
			);
			path = ViewController;
			sourceTree = "<group>";
		};
		88636DE02C11A11D00B799EE /* Protocol */ = {
			isa = PBXGroup;
			children = (
				8815C33E2C1086F500CEE18B /* ReusableProtocol.swift */,
			);
			path = Protocol;
			sourceTree = "<group>";
		};
		88636DE12C11A12700B799EE /* Cell */ = {
			isa = PBXGroup;
			children = (
				8815C33C2C1086B100CEE18B /* BoxOfficeTableViewCell.swift */,
			);
			path = Cell;
			sourceTree = "<group>";
		};
		889966912C0EF55100A58D6F = {
			isa = PBXGroup;
			children = (
				8815C3362C104C1700CEE18B /* .gitignore */,
				8899669C2C0EF55100A58D6F /* Media */,
				8899669B2C0EF55100A58D6F /* Products */,
			);
			sourceTree = "<group>";
		};
		8899669B2C0EF55100A58D6F /* Products */ = {
			isa = PBXGroup;
			children = (
				8899669A2C0EF55100A58D6F /* Media.app */,
			);
			name = Products;
			sourceTree = "<group>";
		};
		8899669C2C0EF55100A58D6F /* Media */ = {
			isa = PBXGroup;
			children = (
				88636DE12C11A12700B799EE /* Cell */,
				88636DE02C11A11D00B799EE /* Protocol */,
				88636DDF2C11A0FA00B799EE /* ViewController */,
				88636DDE2C11A0EA00B799EE /* Model */,
				88636DDB2C119F4C00B799EE /* Extension */,
				8899669D2C0EF55100A58D6F /* AppDelegate.swift */,
				8899669F2C0EF55100A58D6F /* SceneDelegate.swift */,
				889966A32C0EF55100A58D6F /* Main.storyboard */,
				889966A62C0EF55200A58D6F /* Assets.xcassets */,
				889966A82C0EF55200A58D6F /* LaunchScreen.storyboard */,
				889966AB2C0EF55200A58D6F /* Info.plist */,
				8815C3382C104E6A00CEE18B /* APIKey.swift */,
			);
			path = Media;
			sourceTree = "<group>";
		};
/* End PBXGroup section */

/* Begin PBXNativeTarget section */
		889966992C0EF55100A58D6F /* Media */ = {
			isa = PBXNativeTarget;
			buildConfigurationList = 889966AE2C0EF55200A58D6F /* Build configuration list for PBXNativeTarget "Media" */;
			buildPhases = (
				889966962C0EF55100A58D6F /* Sources */,
				889966972C0EF55100A58D6F /* Frameworks */,
				889966982C0EF55100A58D6F /* Resources */,
			);
			buildRules = (
			);
			dependencies = (
			);
			name = Media;
			packageProductDependencies = (
				889966B42C0EF77B00A58D6F /* SnapKit */,
				8891115B2C0F520B00010780 /* Alamofire */,
				88636DD92C119C6D00B799EE /* Kingfisher */,
			);
			productName = Media;
			productReference = 8899669A2C0EF55100A58D6F /* Media.app */;
			productType = "com.apple.product-type.application";
		};
/* End PBXNativeTarget section */

/* Begin PBXProject section */
		889966922C0EF55100A58D6F /* Project object */ = {
			isa = PBXProject;
			attributes = {
				BuildIndependentTargetsInParallel = 1;
				LastSwiftUpdateCheck = 1540;
				LastUpgradeCheck = 1540;
				TargetAttributes = {
					889966992C0EF55100A58D6F = {
						CreatedOnToolsVersion = 15.4;
					};
				};
			};
			buildConfigurationList = 889966952C0EF55100A58D6F /* Build configuration list for PBXProject "Media" */;
			compatibilityVersion = "Xcode 14.0";
			developmentRegion = en;
			hasScannedForEncodings = 0;
			knownRegions = (
				en,
				Base,
			);
			mainGroup = 889966912C0EF55100A58D6F;
			packageReferences = (
				889966B32C0EF77B00A58D6F /* XCRemoteSwiftPackageReference "SnapKit" */,
				8891115A2C0F520B00010780 /* XCRemoteSwiftPackageReference "Alamofire" */,
				88636DD82C119C6D00B799EE /* XCRemoteSwiftPackageReference "Kingfisher" */,
			);
			productRefGroup = 8899669B2C0EF55100A58D6F /* Products */;
			projectDirPath = "";
			projectRoot = "";
			targets = (
				889966992C0EF55100A58D6F /* Media */,
			);
		};
/* End PBXProject section */

/* Begin PBXResourcesBuildPhase section */
		889966982C0EF55100A58D6F /* Resources */ = {
			isa = PBXResourcesBuildPhase;
			buildActionMask = 2147483647;
			files = (
				8815C3372C104C1700CEE18B /* .gitignore in Resources */,
				889966A72C0EF55200A58D6F /* Assets.xcassets in Resources */,
				889966AA2C0EF55200A58D6F /* Base in Resources */,
				889966A52C0EF55100A58D6F /* Base in Resources */,
			);
			runOnlyForDeploymentPostprocessing = 0;
		};
/* End PBXResourcesBuildPhase section */

/* Begin PBXSourcesBuildPhase section */
		889966962C0EF55100A58D6F /* Sources */ = {
			isa = PBXSourcesBuildPhase;
			buildActionMask = 2147483647;
			files = (
				8815C3352C1047B000CEE18B /* Lotto.swift in Sources */,
				889111592C0F51E700010780 /* LottoViewController.swift in Sources */,
				8815C33F2C1086F500CEE18B /* ReusableProtocol.swift in Sources */,
				889966A22C0EF55100A58D6F /* ViewController.swift in Sources */,
				88D4C2D22C1185DE0087D2F8 /* Weather.swift in Sources */,
				88063A472C0F55EE00514D05 /* UIFont+Extension.swift in Sources */,
				885885642C108DAA002CDDD3 /* BoxOffice.swift in Sources */,
				88636DDD2C119F5900B799EE /* UIColor+Extension.swift in Sources */,
				889966B72C0EF98500A58D6F /* MediaViewController.swift in Sources */,
				8899669E2C0EF55100A58D6F /* AppDelegate.swift in Sources */,
				8815C33D2C1086B100CEE18B /* BoxOfficeTableViewCell.swift in Sources */,
				889966B22C0EF6CB00A58D6F /* SignUpViewController.swift in Sources */,
				8815C3392C104E6A00CEE18B /* APIKey.swift in Sources */,
				88D4C2D02C117D560087D2F8 /* WeatherViewController.swift in Sources */,
				8815C33B2C10795400CEE18B /* BoxOfficeViewController.swift in Sources */,
				889966A02C0EF55100A58D6F /* SceneDelegate.swift in Sources */,
			);
			runOnlyForDeploymentPostprocessing = 0;
		};
/* End PBXSourcesBuildPhase section */

/* Begin PBXVariantGroup section */
		889966A32C0EF55100A58D6F /* Main.storyboard */ = {
			isa = PBXVariantGroup;
			children = (
				889966A42C0EF55100A58D6F /* Base */,
			);
			name = Main.storyboard;
			sourceTree = "<group>";
		};
		889966A82C0EF55200A58D6F /* LaunchScreen.storyboard */ = {
			isa = PBXVariantGroup;
			children = (
				889966A92C0EF55200A58D6F /* Base */,
			);
			name = LaunchScreen.storyboard;
			sourceTree = "<group>";
		};
/* End PBXVariantGroup section */

/* Begin XCBuildConfiguration section */
		889966AC2C0EF55200A58D6F /* Debug */ = {
			isa = XCBuildConfiguration;
			buildSettings = {
				ALWAYS_SEARCH_USER_PATHS = NO;
				ASSETCATALOG_COMPILER_GENERATE_SWIFT_ASSET_SYMBOL_EXTENSIONS = YES;
				CLANG_ANALYZER_NONNULL = YES;
				CLANG_ANALYZER_NUMBER_OBJECT_CONVERSION = YES_AGGRESSIVE;
				CLANG_CXX_LANGUAGE_STANDARD = "gnu++20";
				CLANG_ENABLE_MODULES = YES;
				CLANG_ENABLE_OBJC_ARC = YES;
				CLANG_ENABLE_OBJC_WEAK = YES;
				CLANG_WARN_BLOCK_CAPTURE_AUTORELEASING = YES;
				CLANG_WARN_BOOL_CONVERSION = YES;
				CLANG_WARN_COMMA = YES;
				CLANG_WARN_CONSTANT_CONVERSION = YES;
				CLANG_WARN_DEPRECATED_OBJC_IMPLEMENTATIONS = YES;
				CLANG_WARN_DIRECT_OBJC_ISA_USAGE = YES_ERROR;
				CLANG_WARN_DOCUMENTATION_COMMENTS = YES;
				CLANG_WARN_EMPTY_BODY = YES;
				CLANG_WARN_ENUM_CONVERSION = YES;
				CLANG_WARN_INFINITE_RECURSION = YES;
				CLANG_WARN_INT_CONVERSION = YES;
				CLANG_WARN_NON_LITERAL_NULL_CONVERSION = YES;
				CLANG_WARN_OBJC_IMPLICIT_RETAIN_SELF = YES;
				CLANG_WARN_OBJC_LITERAL_CONVERSION = YES;
				CLANG_WARN_OBJC_ROOT_CLASS = YES_ERROR;
				CLANG_WARN_QUOTED_INCLUDE_IN_FRAMEWORK_HEADER = YES;
				CLANG_WARN_RANGE_LOOP_ANALYSIS = YES;
				CLANG_WARN_STRICT_PROTOTYPES = YES;
				CLANG_WARN_SUSPICIOUS_MOVE = YES;
				CLANG_WARN_UNGUARDED_AVAILABILITY = YES_AGGRESSIVE;
				CLANG_WARN_UNREACHABLE_CODE = YES;
				CLANG_WARN__DUPLICATE_METHOD_MATCH = YES;
				COPY_PHASE_STRIP = NO;
				DEBUG_INFORMATION_FORMAT = dwarf;
				ENABLE_STRICT_OBJC_MSGSEND = YES;
				ENABLE_TESTABILITY = YES;
				ENABLE_USER_SCRIPT_SANDBOXING = YES;
				GCC_C_LANGUAGE_STANDARD = gnu17;
				GCC_DYNAMIC_NO_PIC = NO;
				GCC_NO_COMMON_BLOCKS = YES;
				GCC_OPTIMIZATION_LEVEL = 0;
				GCC_PREPROCESSOR_DEFINITIONS = (
					"DEBUG=1",
					"$(inherited)",
				);
				GCC_WARN_64_TO_32_BIT_CONVERSION = YES;
				GCC_WARN_ABOUT_RETURN_TYPE = YES_ERROR;
				GCC_WARN_UNDECLARED_SELECTOR = YES;
				GCC_WARN_UNINITIALIZED_AUTOS = YES_AGGRESSIVE;
				GCC_WARN_UNUSED_FUNCTION = YES;
				GCC_WARN_UNUSED_VARIABLE = YES;
				IPHONEOS_DEPLOYMENT_TARGET = 17.5;
				LOCALIZATION_PREFERS_STRING_CATALOGS = YES;
				MTL_ENABLE_DEBUG_INFO = INCLUDE_SOURCE;
				MTL_FAST_MATH = YES;
				ONLY_ACTIVE_ARCH = YES;
				SDKROOT = iphoneos;
				SWIFT_ACTIVE_COMPILATION_CONDITIONS = "DEBUG $(inherited)";
				SWIFT_OPTIMIZATION_LEVEL = "-Onone";
			};
			name = Debug;
		};
		889966AD2C0EF55200A58D6F /* Release */ = {
			isa = XCBuildConfiguration;
			buildSettings = {
				ALWAYS_SEARCH_USER_PATHS = NO;
				ASSETCATALOG_COMPILER_GENERATE_SWIFT_ASSET_SYMBOL_EXTENSIONS = YES;
				CLANG_ANALYZER_NONNULL = YES;
				CLANG_ANALYZER_NUMBER_OBJECT_CONVERSION = YES_AGGRESSIVE;
				CLANG_CXX_LANGUAGE_STANDARD = "gnu++20";
				CLANG_ENABLE_MODULES = YES;
				CLANG_ENABLE_OBJC_ARC = YES;
				CLANG_ENABLE_OBJC_WEAK = YES;
				CLANG_WARN_BLOCK_CAPTURE_AUTORELEASING = YES;
				CLANG_WARN_BOOL_CONVERSION = YES;
				CLANG_WARN_COMMA = YES;
				CLANG_WARN_CONSTANT_CONVERSION = YES;
				CLANG_WARN_DEPRECATED_OBJC_IMPLEMENTATIONS = YES;
				CLANG_WARN_DIRECT_OBJC_ISA_USAGE = YES_ERROR;
				CLANG_WARN_DOCUMENTATION_COMMENTS = YES;
				CLANG_WARN_EMPTY_BODY = YES;
				CLANG_WARN_ENUM_CONVERSION = YES;
				CLANG_WARN_INFINITE_RECURSION = YES;
				CLANG_WARN_INT_CONVERSION = YES;
				CLANG_WARN_NON_LITERAL_NULL_CONVERSION = YES;
				CLANG_WARN_OBJC_IMPLICIT_RETAIN_SELF = YES;
				CLANG_WARN_OBJC_LITERAL_CONVERSION = YES;
				CLANG_WARN_OBJC_ROOT_CLASS = YES_ERROR;
				CLANG_WARN_QUOTED_INCLUDE_IN_FRAMEWORK_HEADER = YES;
				CLANG_WARN_RANGE_LOOP_ANALYSIS = YES;
				CLANG_WARN_STRICT_PROTOTYPES = YES;
				CLANG_WARN_SUSPICIOUS_MOVE = YES;
				CLANG_WARN_UNGUARDED_AVAILABILITY = YES_AGGRESSIVE;
				CLANG_WARN_UNREACHABLE_CODE = YES;
				CLANG_WARN__DUPLICATE_METHOD_MATCH = YES;
				COPY_PHASE_STRIP = NO;
				DEBUG_INFORMATION_FORMAT = "dwarf-with-dsym";
				ENABLE_NS_ASSERTIONS = NO;
				ENABLE_STRICT_OBJC_MSGSEND = YES;
				ENABLE_USER_SCRIPT_SANDBOXING = YES;
				GCC_C_LANGUAGE_STANDARD = gnu17;
				GCC_NO_COMMON_BLOCKS = YES;
				GCC_WARN_64_TO_32_BIT_CONVERSION = YES;
				GCC_WARN_ABOUT_RETURN_TYPE = YES_ERROR;
				GCC_WARN_UNDECLARED_SELECTOR = YES;
				GCC_WARN_UNINITIALIZED_AUTOS = YES_AGGRESSIVE;
				GCC_WARN_UNUSED_FUNCTION = YES;
				GCC_WARN_UNUSED_VARIABLE = YES;
				IPHONEOS_DEPLOYMENT_TARGET = 17.5;
				LOCALIZATION_PREFERS_STRING_CATALOGS = YES;
				MTL_ENABLE_DEBUG_INFO = NO;
				MTL_FAST_MATH = YES;
				SDKROOT = iphoneos;
				SWIFT_COMPILATION_MODE = wholemodule;
				VALIDATE_PRODUCT = YES;
			};
			name = Release;
		};
		889966AF2C0EF55200A58D6F /* Debug */ = {
			isa = XCBuildConfiguration;
			buildSettings = {
				ASSETCATALOG_COMPILER_APPICON_NAME = AppIcon;
				ASSETCATALOG_COMPILER_GLOBAL_ACCENT_COLOR_NAME = AccentColor;
				CODE_SIGN_STYLE = Automatic;
				CURRENT_PROJECT_VERSION = 1;
				DEVELOPMENT_TEAM = 6ZWU3ZJ8BG;
				GENERATE_INFOPLIST_FILE = YES;
				INFOPLIST_FILE = Media/Info.plist;
				INFOPLIST_KEY_UIApplicationSupportsIndirectInputEvents = YES;
				INFOPLIST_KEY_UILaunchStoryboardName = LaunchScreen;
				INFOPLIST_KEY_UIMainStoryboardFile = Main;
				INFOPLIST_KEY_UISupportedInterfaceOrientations = UIInterfaceOrientationPortrait;
				INFOPLIST_KEY_UISupportedInterfaceOrientations_iPad = UIInterfaceOrientationPortrait;
				IPHONEOS_DEPLOYMENT_TARGET = 16.0;
				LD_RUNPATH_SEARCH_PATHS = (
					"$(inherited)",
					"@executable_path/Frameworks",
				);
				MARKETING_VERSION = 1.0;
				PRODUCT_BUNDLE_IDENTIFIER = com.jm.Media;
				PRODUCT_NAME = "$(TARGET_NAME)";
				SUPPORTED_PLATFORMS = "iphoneos iphonesimulator";
				SUPPORTS_MACCATALYST = NO;
				SUPPORTS_MAC_DESIGNED_FOR_IPHONE_IPAD = NO;
				SUPPORTS_XR_DESIGNED_FOR_IPHONE_IPAD = NO;
				SWIFT_EMIT_LOC_STRINGS = YES;
				SWIFT_VERSION = 5.0;
				TARGETED_DEVICE_FAMILY = 1;
			};
			name = Debug;
		};
		889966B02C0EF55200A58D6F /* Release */ = {
			isa = XCBuildConfiguration;
			buildSettings = {
				ASSETCATALOG_COMPILER_APPICON_NAME = AppIcon;
				ASSETCATALOG_COMPILER_GLOBAL_ACCENT_COLOR_NAME = AccentColor;
				CODE_SIGN_STYLE = Automatic;
				CURRENT_PROJECT_VERSION = 1;
				DEVELOPMENT_TEAM = 6ZWU3ZJ8BG;
				GENERATE_INFOPLIST_FILE = YES;
				INFOPLIST_FILE = Media/Info.plist;
				INFOPLIST_KEY_UIApplicationSupportsIndirectInputEvents = YES;
				INFOPLIST_KEY_UILaunchStoryboardName = LaunchScreen;
				INFOPLIST_KEY_UIMainStoryboardFile = Main;
				INFOPLIST_KEY_UISupportedInterfaceOrientations = UIInterfaceOrientationPortrait;
				INFOPLIST_KEY_UISupportedInterfaceOrientations_iPad = UIInterfaceOrientationPortrait;
				IPHONEOS_DEPLOYMENT_TARGET = 16.0;
				LD_RUNPATH_SEARCH_PATHS = (
					"$(inherited)",
					"@executable_path/Frameworks",
				);
				MARKETING_VERSION = 1.0;
				PRODUCT_BUNDLE_IDENTIFIER = com.jm.Media;
				PRODUCT_NAME = "$(TARGET_NAME)";
				SUPPORTED_PLATFORMS = "iphoneos iphonesimulator";
				SUPPORTS_MACCATALYST = NO;
				SUPPORTS_MAC_DESIGNED_FOR_IPHONE_IPAD = NO;
				SUPPORTS_XR_DESIGNED_FOR_IPHONE_IPAD = NO;
				SWIFT_EMIT_LOC_STRINGS = YES;
				SWIFT_VERSION = 5.0;
				TARGETED_DEVICE_FAMILY = 1;
			};
			name = Release;
		};
/* End XCBuildConfiguration section */

/* Begin XCConfigurationList section */
		889966952C0EF55100A58D6F /* Build configuration list for PBXProject "Media" */ = {
			isa = XCConfigurationList;
			buildConfigurations = (
				889966AC2C0EF55200A58D6F /* Debug */,
				889966AD2C0EF55200A58D6F /* Release */,
			);
			defaultConfigurationIsVisible = 0;
			defaultConfigurationName = Release;
		};
		889966AE2C0EF55200A58D6F /* Build configuration list for PBXNativeTarget "Media" */ = {
			isa = XCConfigurationList;
			buildConfigurations = (
				889966AF2C0EF55200A58D6F /* Debug */,
				889966B02C0EF55200A58D6F /* Release */,
			);
			defaultConfigurationIsVisible = 0;
			defaultConfigurationName = Release;
		};
/* End XCConfigurationList section */

/* Begin XCRemoteSwiftPackageReference section */
		88636DD82C119C6D00B799EE /* XCRemoteSwiftPackageReference "Kingfisher" */ = {
			isa = XCRemoteSwiftPackageReference;
			repositoryURL = "https://github.com/onevcat/Kingfisher";
			requirement = {
				kind = upToNextMajorVersion;
				minimumVersion = 7.11.0;
			};
		};
		8891115A2C0F520B00010780 /* XCRemoteSwiftPackageReference "Alamofire" */ = {
			isa = XCRemoteSwiftPackageReference;
			repositoryURL = "https://github.com/Alamofire/Alamofire.git";
			requirement = {
				kind = upToNextMajorVersion;
				minimumVersion = 5.9.1;
			};
		};
		889966B32C0EF77B00A58D6F /* XCRemoteSwiftPackageReference "SnapKit" */ = {
			isa = XCRemoteSwiftPackageReference;
			repositoryURL = "https://github.com/SnapKit/SnapKit.git";
			requirement = {
				kind = upToNextMajorVersion;
				minimumVersion = 5.7.1;
			};
		};
/* End XCRemoteSwiftPackageReference section */

/* Begin XCSwiftPackageProductDependency section */
		88636DD92C119C6D00B799EE /* Kingfisher */ = {
			isa = XCSwiftPackageProductDependency;
			package = 88636DD82C119C6D00B799EE /* XCRemoteSwiftPackageReference "Kingfisher" */;
			productName = Kingfisher;
		};
		8891115B2C0F520B00010780 /* Alamofire */ = {
			isa = XCSwiftPackageProductDependency;
			package = 8891115A2C0F520B00010780 /* XCRemoteSwiftPackageReference "Alamofire" */;
			productName = Alamofire;
		};
		889966B42C0EF77B00A58D6F /* SnapKit */ = {
			isa = XCSwiftPackageProductDependency;
			package = 889966B32C0EF77B00A58D6F /* XCRemoteSwiftPackageReference "SnapKit" */;
			productName = SnapKit;
		};
/* End XCSwiftPackageProductDependency section */
	};
	rootObject = 889966922C0EF55100A58D6F /* Project object */;
}
